
Microsoft Visual Studio Solution File, Format Version 12.00
# Visual Studio Version 17
VisualStudioVersion = 17.14.36121.58 d17.14
MinimumVisualStudioVersion = 10.0.40219.1
Project("{FAE04EC0-301F-11D3-BF4B-00C04F79EFBC}") = "PersonalFinanceApp", "PersonalFinanceApp\PersonalFinanceApp.csproj", "{1E8E1040-99BB-4054-AAFA-C0A2A2A0E767}"
EndProject
Global
	GlobalSection(SolutionConfigurationPlatforms) = preSolution
		Debug|Any CPU = Debug|Any CPU
		Release|Any CPU = Release|Any CPU
	EndGlobalSection
	GlobalSection(ProjectConfigurationPlatforms) = postSolution
		{1E8E1040-99BB-4054-AAFA-C0A2A2A0E767}.Debug|Any CPU.ActiveCfg = Debug|Any CPU
		{1E8E1040-99BB-4054-AAFA-C0A2A2A0E767}.Debug|Any CPU.Build.0 = Debug|Any CPU
		{1E8E1040-99BB-4054-AAFA-C0A2A2A0E767}.Release|Any CPU.ActiveCfg = Release|Any CPU
		{1E8E1040-99BB-4054-AAFA-C0A2A2A0E767}.Release|Any CPU.Build.0 = Release|Any CPU
	EndGlobalSection
	GlobalSection(SolutionProperties) = preSolution
		HideSolutionNode = FALSE
	EndGlobalSection
	GlobalSection(ExtensibilityGlobals) = postSolution
		SolutionGuid = {7159C292-1FE8-425C-AF92-CC50C748009B}
	EndGlobalSection
EndGlobal
