
Microsoft Visual Studio Solution File, Format Version 12.00
# Visual Studio Version 17
VisualStudioVersion = 17.14.36121.58
MinimumVisualStudioVersion = 10.0.40219.1
Project("{FAE04EC0-301F-11D3-BF4B-00C04F79EFBC}") = "PersonalFinanceApp", "PersonalFinanceApp\PersonalFinanceApp.csproj", "{1E8E1040-99BB-4054-AAFA-C0A2A2A0E767}"
EndProject
Project("{FAE04EC0-301F-11D3-BF4B-00C04F79EFBC}") = "PersonalFinanceApp.Data", "PersonalFinanceApp.Data\PersonalFinanceApp.Data.csproj", "{6F748FDB-4532-4B66-987D-E000C89B2B15}"
EndProject
Project("{FAE04EC0-301F-11D3-BF4B-00C04F79EFBC}") = "PersonalFinanceApp.Migrations", "PersonalFinanceApp.Migrations\PersonalFinanceApp.Migrations.csproj", "{52ECEAD1-FC0A-46AD-8185-9633BBF67FA1}"
EndProject
Project("{FAE04EC0-301F-11D3-BF4B-00C04F79EFBC}") = "PersonalFinanceApp.Services", "PersonalFinanceApp.Services\PersonalFinanceApp.Services.csproj", "{49671A50-A89D-4AD9-A987-EB81EFD29C65}"
EndProject
Global
	GlobalSection(SolutionConfigurationPlatforms) = preSolution
		Debug|Any CPU = Debug|Any CPU
		Release|Any CPU = Release|Any CPU
	EndGlobalSection
	GlobalSection(ProjectConfigurationPlatforms) = postSolution
		{1E8E1040-99BB-4054-AAFA-C0A2A2A0E767}.Debug|Any CPU.ActiveCfg = Debug|Any CPU
		{1E8E1040-99BB-4054-AAFA-C0A2A2A0E767}.Debug|Any CPU.Build.0 = Debug|Any CPU
		{1E8E1040-99BB-4054-AAFA-C0A2A2A0E767}.Release|Any CPU.ActiveCfg = Release|Any CPU
		{1E8E1040-99BB-4054-AAFA-C0A2A2A0E767}.Release|Any CPU.Build.0 = Release|Any CPU
		{6F748FDB-4532-4B66-987D-E000C89B2B15}.Debug|Any CPU.ActiveCfg = Debug|Any CPU
		{6F748FDB-4532-4B66-987D-E000C89B2B15}.Debug|Any CPU.Build.0 = Debug|Any CPU
		{6F748FDB-4532-4B66-987D-E000C89B2B15}.Release|Any CPU.ActiveCfg = Release|Any CPU
		{6F748FDB-4532-4B66-987D-E000C89B2B15}.Release|Any CPU.Build.0 = Release|Any CPU
		{52ECEAD1-FC0A-46AD-8185-9633BBF67FA1}.Debug|Any CPU.ActiveCfg = Debug|Any CPU
		{52ECEAD1-FC0A-46AD-8185-9633BBF67FA1}.Debug|Any CPU.Build.0 = Debug|Any CPU
		{52ECEAD1-FC0A-46AD-8185-9633BBF67FA1}.Release|Any CPU.ActiveCfg = Release|Any CPU
		{52ECEAD1-FC0A-46AD-8185-9633BBF67FA1}.Release|Any CPU.Build.0 = Release|Any CPU
		{49671A50-A89D-4AD9-A987-EB81EFD29C65}.Debug|Any CPU.ActiveCfg = Debug|Any CPU
		{49671A50-A89D-4AD9-A987-EB81EFD29C65}.Debug|Any CPU.Build.0 = Debug|Any CPU
		{49671A50-A89D-4AD9-A987-EB81EFD29C65}.Release|Any CPU.ActiveCfg = Release|Any CPU
		{49671A50-A89D-4AD9-A987-EB81EFD29C65}.Release|Any CPU.Build.0 = Release|Any CPU
	EndGlobalSection
	GlobalSection(SolutionProperties) = preSolution
		HideSolutionNode = FALSE
	EndGlobalSection
	GlobalSection(ExtensibilityGlobals) = postSolution
		SolutionGuid = {7159C292-1FE8-425C-AF92-CC50C748009B}
	EndGlobalSection
EndGlobal
